
Microsoft Visual Studio Solution File, Format Version 12.00
# Visual Studio 14
VisualStudioVersion = 14.0.25420.1
MinimumVisualStudioVersion = 10.0.40219.1
Project("{FAE04EC0-301F-11D3-BF4B-00C04F79EFBC}") = "BeatBox.BLL", "BeatBox.BLL\BeatBox.BLL.csproj", "{E3583F94-0095-4B7C-922E-B93FC5F32D70}"
EndProject
Project("{FAE04EC0-301F-11D3-BF4B-00C04F79EFBC}") = "BeatBox.DAL", "BeatBox.DAL\BeatBox.DAL.csproj", "{0FC0514C-74A9-4380-93D5-6EA32E2B500B}"
EndProject
Project("{FAE04EC0-301F-11D3-BF4B-00C04F79EFBC}") = "BeatBox.UI", "BeatBox.UI\BeatBox.UI.csproj", "{5C4398A9-34E8-4FB1-A961-B4F7D3B0119F}"
EndProject
Global
	GlobalSection(SolutionConfigurationPlatforms) = preSolution
		Debug|Any CPU = Debug|Any CPU
		Release|Any CPU = Release|Any CPU
	EndGlobalSection
	GlobalSection(ProjectConfigurationPlatforms) = postSolution
		{E3583F94-0095-4B7C-922E-B93FC5F32D70}.Debug|Any CPU.ActiveCfg = Debug|Any CPU
		{E3583F94-0095-4B7C-922E-B93FC5F32D70}.Debug|Any CPU.Build.0 = Debug|Any CPU
		{E3583F94-0095-4B7C-922E-B93FC5F32D70}.Release|Any CPU.ActiveCfg = Release|Any CPU
		{E3583F94-0095-4B7C-922E-B93FC5F32D70}.Release|Any CPU.Build.0 = Release|Any CPU
		{0FC0514C-74A9-4380-93D5-6EA32E2B500B}.Debug|Any CPU.ActiveCfg = Debug|Any CPU
		{0FC0514C-74A9-4380-93D5-6EA32E2B500B}.Debug|Any CPU.Build.0 = Debug|Any CPU
		{0FC0514C-74A9-4380-93D5-6EA32E2B500B}.Release|Any CPU.ActiveCfg = Release|Any CPU
		{0FC0514C-74A9-4380-93D5-6EA32E2B500B}.Release|Any CPU.Build.0 = Release|Any CPU
		{5C4398A9-34E8-4FB1-A961-B4F7D3B0119F}.Debug|Any CPU.ActiveCfg = Debug|Any CPU
		{5C4398A9-34E8-4FB1-A961-B4F7D3B0119F}.Debug|Any CPU.Build.0 = Debug|Any CPU
		{5C4398A9-34E8-4FB1-A961-B4F7D3B0119F}.Release|Any CPU.ActiveCfg = Release|Any CPU
		{5C4398A9-34E8-4FB1-A961-B4F7D3B0119F}.Release|Any CPU.Build.0 = Release|Any CPU
	EndGlobalSection
	GlobalSection(SolutionProperties) = preSolution
		HideSolutionNode = FALSE
	EndGlobalSection
EndGlobal
